
Microsoft Visual Studio Solution File, Format Version 12.00
# Visual Studio Version 16
VisualStudioVersion = 16.0.29324.140
MinimumVisualStudioVersion = 10.0.40219.1
Project("{FAE04EC0-301F-11D3-BF4B-00C04F79EFBC}") = "InternetBanking", "InternetBanking\InternetBanking.csproj", "{530A9DA7-D90D-4DE0-AE66-AE1F8D05B617}"
EndProject
Project("{FAE04EC0-301F-11D3-BF4B-00C04F79EFBC}") = "Domain", "Domain\Domain.csproj", "{C255F2A9-9FC2-4281-A170-6B9E0C8C012A}"
EndProject
Global
	GlobalSection(SolutionConfigurationPlatforms) = preSolution
		Debug|Any CPU = Debug|Any CPU
		Release|Any CPU = Release|Any CPU
	EndGlobalSection
	GlobalSection(ProjectConfigurationPlatforms) = postSolution
		{530A9DA7-D90D-4DE0-AE66-AE1F8D05B617}.Debug|Any CPU.ActiveCfg = Debug|Any CPU
		{530A9DA7-D90D-4DE0-AE66-AE1F8D05B617}.Debug|Any CPU.Build.0 = Debug|Any CPU
		{530A9DA7-D90D-4DE0-AE66-AE1F8D05B617}.Release|Any CPU.ActiveCfg = Release|Any CPU
		{530A9DA7-D90D-4DE0-AE66-AE1F8D05B617}.Release|Any CPU.Build.0 = Release|Any CPU
		{C255F2A9-9FC2-4281-A170-6B9E0C8C012A}.Debug|Any CPU.ActiveCfg = Debug|Any CPU
		{C255F2A9-9FC2-4281-A170-6B9E0C8C012A}.Debug|Any CPU.Build.0 = Debug|Any CPU
		{C255F2A9-9FC2-4281-A170-6B9E0C8C012A}.Release|Any CPU.ActiveCfg = Release|Any CPU
		{C255F2A9-9FC2-4281-A170-6B9E0C8C012A}.Release|Any CPU.Build.0 = Release|Any CPU
	EndGlobalSection
	GlobalSection(SolutionProperties) = preSolution
		HideSolutionNode = FALSE
	EndGlobalSection
	GlobalSection(ExtensibilityGlobals) = postSolution
		SolutionGuid = {206914B2-FCFC-4184-867D-D772824621BB}
	EndGlobalSection
EndGlobal
